
Microsoft Visual Studio Solution File, Format Version 12.00
# Visual Studio Version 16
VisualStudioVersion = 16.0.29020.237
MinimumVisualStudioVersion = 10.0.40219.1
Project("{8BC9CEB8-8B4A-11D0-8D11-00A0C91BC942}") = "RouteOptimizer", "RouteOptimizer\RouteOptimizer.vcxproj", "{1755AEDB-A5A7-4B5D-AC6B-08015BCF0B70}"
EndProject
Project("{8BC9CEB8-8B4A-11D0-8D11-00A0C91BC942}") = "ImageUtil", "ImageUtil\ImageUtil.vcxproj", "{BBF60FA1-3E16-47C8-9CCA-C9894CCB34FB}"
EndProject
Project("{8BC9CEB8-8B4A-11D0-8D11-00A0C91BC942}") = "GeneticAlgorithm", "GeneticAlgorithm\GeneticAlgorithm.vcxproj", "{EB6060D8-B940-4F27-BB40-638F9FCC632E}"
EndProject
Project("{8BC9CEB8-8B4A-11D0-8D11-00A0C91BC942}") = "FireflyAlgorithm", "FireflyAlgorithm\FireflyAlgorithm.vcxproj", "{49F60EB9-E37B-4D4B-98FB-6ED69FB36686}"
EndProject
Global
	GlobalSection(SolutionConfigurationPlatforms) = preSolution
		Debug|x64 = Debug|x64
		Debug|x86 = Debug|x86
		Release|x64 = Release|x64
		Release|x86 = Release|x86
	EndGlobalSection
	GlobalSection(ProjectConfigurationPlatforms) = postSolution
		{1755AEDB-A5A7-4B5D-AC6B-08015BCF0B70}.Debug|x64.ActiveCfg = Debug|x64
		{1755AEDB-A5A7-4B5D-AC6B-08015BCF0B70}.Debug|x64.Build.0 = Debug|x64
		{1755AEDB-A5A7-4B5D-AC6B-08015BCF0B70}.Debug|x86.ActiveCfg = Debug|Win32
		{1755AEDB-A5A7-4B5D-AC6B-08015BCF0B70}.Debug|x86.Build.0 = Debug|Win32
		{1755AEDB-A5A7-4B5D-AC6B-08015BCF0B70}.Release|x64.ActiveCfg = Release|x64
		{1755AEDB-A5A7-4B5D-AC6B-08015BCF0B70}.Release|x64.Build.0 = Release|x64
		{1755AEDB-A5A7-4B5D-AC6B-08015BCF0B70}.Release|x86.ActiveCfg = Release|Win32
		{1755AEDB-A5A7-4B5D-AC6B-08015BCF0B70}.Release|x86.Build.0 = Release|Win32
		{BBF60FA1-3E16-47C8-9CCA-C9894CCB34FB}.Debug|x64.ActiveCfg = Debug|x64
		{BBF60FA1-3E16-47C8-9CCA-C9894CCB34FB}.Debug|x64.Build.0 = Debug|x64
		{BBF60FA1-3E16-47C8-9CCA-C9894CCB34FB}.Debug|x86.ActiveCfg = Debug|Win32
		{BBF60FA1-3E16-47C8-9CCA-C9894CCB34FB}.Debug|x86.Build.0 = Debug|Win32
		{BBF60FA1-3E16-47C8-9CCA-C9894CCB34FB}.Release|x64.ActiveCfg = Release|x64
		{BBF60FA1-3E16-47C8-9CCA-C9894CCB34FB}.Release|x64.Build.0 = Release|x64
		{BBF60FA1-3E16-47C8-9CCA-C9894CCB34FB}.Release|x86.ActiveCfg = Release|Win32
		{BBF60FA1-3E16-47C8-9CCA-C9894CCB34FB}.Release|x86.Build.0 = Release|Win32
		{EB6060D8-B940-4F27-BB40-638F9FCC632E}.Debug|x64.ActiveCfg = Debug|x64
		{EB6060D8-B940-4F27-BB40-638F9FCC632E}.Debug|x64.Build.0 = Debug|x64
		{EB6060D8-B940-4F27-BB40-638F9FCC632E}.Debug|x86.ActiveCfg = Debug|Win32
		{EB6060D8-B940-4F27-BB40-638F9FCC632E}.Debug|x86.Build.0 = Debug|Win32
		{EB6060D8-B940-4F27-BB40-638F9FCC632E}.Release|x64.ActiveCfg = Release|x64
		{EB6060D8-B940-4F27-BB40-638F9FCC632E}.Release|x64.Build.0 = Release|x64
		{EB6060D8-B940-4F27-BB40-638F9FCC632E}.Release|x86.ActiveCfg = Release|Win32
		{EB6060D8-B940-4F27-BB40-638F9FCC632E}.Release|x86.Build.0 = Release|Win32
		{49F60EB9-E37B-4D4B-98FB-6ED69FB36686}.Debug|x64.ActiveCfg = Debug|x64
		{49F60EB9-E37B-4D4B-98FB-6ED69FB36686}.Debug|x64.Build.0 = Debug|x64
		{49F60EB9-E37B-4D4B-98FB-6ED69FB36686}.Debug|x86.ActiveCfg = Debug|Win32
		{49F60EB9-E37B-4D4B-98FB-6ED69FB36686}.Debug|x86.Build.0 = Debug|Win32
		{49F60EB9-E37B-4D4B-98FB-6ED69FB36686}.Release|x64.ActiveCfg = Release|x64
		{49F60EB9-E37B-4D4B-98FB-6ED69FB36686}.Release|x64.Build.0 = Release|x64
		{49F60EB9-E37B-4D4B-98FB-6ED69FB36686}.Release|x86.ActiveCfg = Release|Win32
		{49F60EB9-E37B-4D4B-98FB-6ED69FB36686}.Release|x86.Build.0 = Release|Win32
	EndGlobalSection
	GlobalSection(SolutionProperties) = preSolution
		HideSolutionNode = FALSE
	EndGlobalSection
	GlobalSection(ExtensibilityGlobals) = postSolution
		SolutionGuid = {A4C79276-69C9-41A9-A356-045192AC6E76}
	EndGlobalSection
EndGlobal
